github.com/kothawoc/go-nntp v0.0.0-20240913133817-493af604c9fb h1:MXKOjzlk+TxCdZBU0uMJsT+NFCmLqxPwvej4ow7k9kQ=
github.com/kothawoc/go-nntp v0.0.0-20240913133817-493af604c9fb/go.mod h1:JykCpxJYIsGassYh0brIBtqpu2UQWsCrqCtJ3VSXyRI=
github.com/willglynn/nntp v0.0.0-20141028183654-faf514d19a62 h1:vBbKc13NYH/qPPGae8GC6ZeOYUuaLPs2h6AlC4so1XI=
github.com/willglynn/nntp v0.0.0-20141028183654-faf514d19a62/go.mod h1:XTF7qVyoc+UAmskPaMpzaJzYT9cHAwec6WsiIE3OHOs=
